
Microsoft Visual Studio Solution File, Format Version 12.00
# Visual Studio 14
VisualStudioVersion = 14.0.22823.1
MinimumVisualStudioVersion = 10.0.40219.1
Project("{FAE04EC0-301F-11D3-BF4B-00C04F79EFBC}") = "SlideShow", "SlideShow\SlideShow.csproj", "{DB4C0EEF-436A-4130-9E01-CBFF228170AF}"
EndProject
Global
	GlobalSection(SolutionConfigurationPlatforms) = preSolution
		Debug|ARM = Debug|ARM
		Debug|x64 = Debug|x64
		Debug|x86 = Debug|x86
		Release|ARM = Release|ARM
		Release|x64 = Release|x64
		Release|x86 = Release|x86
	EndGlobalSection
	GlobalSection(ProjectConfigurationPlatforms) = postSolution
		{DB4C0EEF-436A-4130-9E01-CBFF228170AF}.Debug|ARM.ActiveCfg = Debug|ARM
		{DB4C0EEF-436A-4130-9E01-CBFF228170AF}.Debug|ARM.Build.0 = Debug|ARM
		{DB4C0EEF-436A-4130-9E01-CBFF228170AF}.Debug|ARM.Deploy.0 = Debug|ARM
		{DB4C0EEF-436A-4130-9E01-CBFF228170AF}.Debug|x64.ActiveCfg = Debug|x64
		{DB4C0EEF-436A-4130-9E01-CBFF228170AF}.Debug|x64.Build.0 = Debug|x64
		{DB4C0EEF-436A-4130-9E01-CBFF228170AF}.Debug|x64.Deploy.0 = Debug|x64
		{DB4C0EEF-436A-4130-9E01-CBFF228170AF}.Debug|x86.ActiveCfg = Debug|x86
		{DB4C0EEF-436A-4130-9E01-CBFF228170AF}.Debug|x86.Build.0 = Debug|x86
		{DB4C0EEF-436A-4130-9E01-CBFF228170AF}.Debug|x86.Deploy.0 = Debug|x86
		{DB4C0EEF-436A-4130-9E01-CBFF228170AF}.Release|ARM.ActiveCfg = Release|ARM
		{DB4C0EEF-436A-4130-9E01-CBFF228170AF}.Release|ARM.Build.0 = Release|ARM
		{DB4C0EEF-436A-4130-9E01-CBFF228170AF}.Release|ARM.Deploy.0 = Release|ARM
		{DB4C0EEF-436A-4130-9E01-CBFF228170AF}.Release|x64.ActiveCfg = Release|x64
		{DB4C0EEF-436A-4130-9E01-CBFF228170AF}.Release|x64.Build.0 = Release|x64
		{DB4C0EEF-436A-4130-9E01-CBFF228170AF}.Release|x64.Deploy.0 = Release|x64
		{DB4C0EEF-436A-4130-9E01-CBFF228170AF}.Release|x86.ActiveCfg = Release|x86
		{DB4C0EEF-436A-4130-9E01-CBFF228170AF}.Release|x86.Build.0 = Release|x86
		{DB4C0EEF-436A-4130-9E01-CBFF228170AF}.Release|x86.Deploy.0 = Release|x86
	EndGlobalSection
	GlobalSection(SolutionProperties) = preSolution
		HideSolutionNode = FALSE
	EndGlobalSection
EndGlobal
